// !$*UTF8*$!
{
	archiveVersion = 1;
	classes = {
	};
	objectVersion = 50;
	objects = {

/* Begin PBXBuildFile section */
		A5CB83A725E08DA00031409F /* AppDelegate.swift in Sources */ = {isa = PBXBuildFile; fileRef = A5CB83A625E08DA00031409F /* AppDelegate.swift */; };
		A5CB83A925E08DA00031409F /* SceneDelegate.swift in Sources */ = {isa = PBXBuildFile; fileRef = A5CB83A825E08DA00031409F /* SceneDelegate.swift */; };
		A5CB83AB25E08DA00031409F /* ViewController.swift in Sources */ = {isa = PBXBuildFile; fileRef = A5CB83AA25E08DA00031409F /* ViewController.swift */; };
		A5CB83AE25E08DA10031409F /* Main.storyboard in Resources */ = {isa = PBXBuildFile; fileRef = A5CB83AC25E08DA10031409F /* Main.storyboard */; };
		A5CB83B025E08DA30031409F /* Assets.xcassets in Resources */ = {isa = PBXBuildFile; fileRef = A5CB83AF25E08DA30031409F /* Assets.xcassets */; };
		A5CB83B325E08DA30031409F /* LaunchScreen.storyboard in Resources */ = {isa = PBXBuildFile; fileRef = A5CB83B125E08DA30031409F /* LaunchScreen.storyboard */; };
		A5CB83BE25E08DA40031409F /* FlixTests.swift in Sources */ = {isa = PBXBuildFile; fileRef = A5CB83BD25E08DA40031409F /* FlixTests.swift */; };
		A5CB83C925E08DA40031409F /* FlixUITests.swift in Sources */ = {isa = PBXBuildFile; fileRef = A5CB83C825E08DA40031409F /* FlixUITests.swift */; };
/* End PBXBuildFile section */

/* Begin PBXContainerItemProxy section */
		A5CB83BA25E08DA40031409F /* PBXContainerItemProxy */ = {
			isa = PBXContainerItemProxy;
			containerPortal = A5CB839B25E08DA00031409F /* Project object */;
			proxyType = 1;
			remoteGlobalIDString = A5CB83A225E08DA00031409F;
			remoteInfo = Flix;
		};
		A5CB83C525E08DA40031409F /* PBXContainerItemProxy */ = {
			isa = PBXContainerItemProxy;
			containerPortal = A5CB839B25E08DA00031409F /* Project object */;
			proxyType = 1;
			remoteGlobalIDString = A5CB83A225E08DA00031409F;
			remoteInfo = Flix;
		};
/* End PBXContainerItemProxy section */

/* Begin PBXFileReference section */
		A5CB83A325E08DA00031409F /* Flix.app */ = {isa = PBXFileReference; explicitFileType = wrapper.application; includeInIndex = 0; path = Flix.app; sourceTree = BUILT_PRODUCTS_DIR; };
		A5CB83A625E08DA00031409F /* AppDelegate.swift */ = {isa = PBXFileReference; lastKnownFileType = sourcecode.swift; path = AppDelegate.swift; sourceTree = "<group>"; };
		A5CB83A825E08DA00031409F /* SceneDelegate.swift */ = {isa = PBXFileReference; lastKnownFileType = sourcecode.swift; path = SceneDelegate.swift; sourceTree = "<group>"; };
		A5CB83AA25E08DA00031409F /* ViewController.swift */ = {isa = PBXFileReference; lastKnownFileType = sourcecode.swift; path = ViewController.swift; sourceTree = "<group>"; };
		A5CB83AD25E08DA10031409F /* Base */ = {isa = PBXFileReference; lastKnownFileType = file.storyboard; name = Base; path = Base.lproj/Main.storyboard; sourceTree = "<group>"; };
		A5CB83AF25E08DA30031409F /* Assets.xcassets */ = {isa = PBXFileReference; lastKnownFileType = folder.assetcatalog; path = Assets.xcassets; sourceTree = "<group>"; };
		A5CB83B225E08DA30031409F /* Base */ = {isa = PBXFileReference; lastKnownFileType = file.storyboard; name = Base; path = Base.lproj/LaunchScreen.storyboard; sourceTree = "<group>"; };
		A5CB83B425E08DA30031409F /* Info.plist */ = {isa = PBXFileReference; lastKnownFileType = text.plist.xml; path = Info.plist; sourceTree = "<group>"; };
		A5CB83B925E08DA40031409F /* FlixTests.xctest */ = {isa = PBXFileReference; explicitFileType = wrapper.cfbundle; includeInIndex = 0; path = FlixTests.xctest; sourceTree = BUILT_PRODUCTS_DIR; };
		A5CB83BD25E08DA40031409F /* FlixTests.swift */ = {isa = PBXFileReference; lastKnownFileType = sourcecode.swift; path = FlixTests.swift; sourceTree = "<group>"; };
		A5CB83BF25E08DA40031409F /* Info.plist */ = {isa = PBXFileReference; lastKnownFileType = text.plist.xml; path = Info.plist; sourceTree = "<group>"; };
		A5CB83C425E08DA40031409F /* FlixUITests.xctest */ = {isa = PBXFileReference; explicitFileType = wrapper.cfbundle; includeInIndex = 0; path = FlixUITests.xctest; sourceTree = BUILT_PRODUCTS_DIR; };
		A5CB83C825E08DA40031409F /* FlixUITests.swift */ = {isa = PBXFileReference; lastKnownFileType = sourcecode.swift; path = FlixUITests.swift; sourceTree = "<group>"; };
		A5CB83CA25E08DA40031409F /* Info.plist */ = {isa = PBXFileReference; lastKnownFileType = text.plist.xml; path = Info.plist; sourceTree = "<group>"; };
/* End PBXFileReference section */

/* Begin PBXFrameworksBuildPhase section */
		A5CB83A025E08DA00031409F /* Frameworks */ = {
			isa = PBXFrameworksBuildPhase;
			buildActionMask = 2147483647;
			files = (
			);
			runOnlyForDeploymentPostprocessing = 0;
		};
		A5CB83B625E08DA40031409F /* Frameworks */ = {
			isa = PBXFrameworksBuildPhase;
			buildActionMask = 2147483647;
			files = (
			);
			runOnlyForDeploymentPostprocessing = 0;
		};
		A5CB83C125E08DA40031409F /* Frameworks */ = {
			isa = PBXFrameworksBuildPhase;
			buildActionMask = 2147483647;
			files = (
			);
			runOnlyForDeploymentPostprocessing = 0;
		};
/* End PBXFrameworksBuildPhase section */

/* Begin PBXGroup section */
		A5CB839A25E08DA00031409F = {
			isa = PBXGroup;
			children = (
				A5CB83A525E08DA00031409F /* Flix */,
				A5CB83BC25E08DA40031409F /* FlixTests */,
				A5CB83C725E08DA40031409F /* FlixUITests */,
				A5CB83A425E08DA00031409F /* Products */,
			);
			sourceTree = "<group>";
		};
		A5CB83A425E08DA00031409F /* Products */ = {
			isa = PBXGroup;
			children = (
				A5CB83A325E08DA00031409F /* Flix.app */,
				A5CB83B925E08DA40031409F /* FlixTests.xctest */,
				A5CB83C425E08DA40031409F /* FlixUITests.xctest */,
			);
			name = Products;
			sourceTree = "<group>";
		};
		A5CB83A525E08DA00031409F /* Flix */ = {
			isa = PBXGroup;
			children = (
				A5CB83A625E08DA00031409F /* AppDelegate.swift */,
				A5CB83A825E08DA00031409F /* SceneDelegate.swift */,
				A5CB83AA25E08DA00031409F /* ViewController.swift */,
				A5CB83AC25E08DA10031409F /* Main.storyboard */,
				A5CB83AF25E08DA30031409F /* Assets.xcassets */,
				A5CB83B125E08DA30031409F /* LaunchScreen.storyboard */,
				A5CB83B425E08DA30031409F /* Info.plist */,
			);
			path = Flix;
			sourceTree = "<group>";
		};
		A5CB83BC25E08DA40031409F /* FlixTests */ = {
			isa = PBXGroup;
			children = (
				A5CB83BD25E08DA40031409F /* FlixTests.swift */,
				A5CB83BF25E08DA40031409F /* Info.plist */,
			);
			path = FlixTests;
			sourceTree = "<group>";
		};
		A5CB83C725E08DA40031409F /* FlixUITests */ = {
			isa = PBXGroup;
			children = (
				A5CB83C825E08DA40031409F /* FlixUITests.swift */,
				A5CB83CA25E08DA40031409F /* Info.plist */,
			);
			path = FlixUITests;
			sourceTree = "<group>";
		};
/* End PBXGroup section */

/* Begin PBXNativeTarget section */
		A5CB83A225E08DA00031409F /* Flix */ = {
			isa = PBXNativeTarget;
			buildConfigurationList = A5CB83CD25E08DA40031409F /* Build configuration list for PBXNativeTarget "Flix" */;
			buildPhases = (
				A5CB839F25E08DA00031409F /* Sources */,
				A5CB83A025E08DA00031409F /* Frameworks */,
				A5CB83A125E08DA00031409F /* Resources */,
			);
			buildRules = (
			);
			dependencies = (
			);
			name = Flix;
			productName = Flix;
			productReference = A5CB83A325E08DA00031409F /* Flix.app */;
			productType = "com.apple.product-type.application";
		};
		A5CB83B825E08DA40031409F /* FlixTests */ = {
			isa = PBXNativeTarget;
			buildConfigurationList = A5CB83D025E08DA40031409F /* Build configuration list for PBXNativeTarget "FlixTests" */;
			buildPhases = (
				A5CB83B525E08DA40031409F /* Sources */,
				A5CB83B625E08DA40031409F /* Frameworks */,
				A5CB83B725E08DA40031409F /* Resources */,
			);
			buildRules = (
			);
			dependencies = (
				A5CB83BB25E08DA40031409F /* PBXTargetDependency */,
			);
			name = FlixTests;
			productName = FlixTests;
			productReference = A5CB83B925E08DA40031409F /* FlixTests.xctest */;
			productType = "com.apple.product-type.bundle.unit-test";
		};
		A5CB83C325E08DA40031409F /* FlixUITests */ = {
			isa = PBXNativeTarget;
			buildConfigurationList = A5CB83D325E08DA40031409F /* Build configuration list for PBXNativeTarget "FlixUITests" */;
			buildPhases = (
				A5CB83C025E08DA40031409F /* Sources */,
				A5CB83C125E08DA40031409F /* Frameworks */,
				A5CB83C225E08DA40031409F /* Resources */,
			);
			buildRules = (
			);
			dependencies = (
				A5CB83C625E08DA40031409F /* PBXTargetDependency */,
			);
			name = FlixUITests;
			productName = FlixUITests;
			productReference = A5CB83C425E08DA40031409F /* FlixUITests.xctest */;
			productType = "com.apple.product-type.bundle.ui-testing";
		};
/* End PBXNativeTarget section */

/* Begin PBXProject section */
		A5CB839B25E08DA00031409F /* Project object */ = {
			isa = PBXProject;
			attributes = {
				LastSwiftUpdateCheck = 1240;
				LastUpgradeCheck = 1240;
				TargetAttributes = {
					A5CB83A225E08DA00031409F = {
						CreatedOnToolsVersion = 12.4;
					};
					A5CB83B825E08DA40031409F = {
						CreatedOnToolsVersion = 12.4;
						TestTargetID = A5CB83A225E08DA00031409F;
					};
					A5CB83C325E08DA40031409F = {
						CreatedOnToolsVersion = 12.4;
						TestTargetID = A5CB83A225E08DA00031409F;
					};
				};
			};
			buildConfigurationList = A5CB839E25E08DA00031409F /* Build configuration list for PBXProject "Flix" */;
			compatibilityVersion = "Xcode 9.3";
			developmentRegion = en;
			hasScannedForEncodings = 0;
			knownRegions = (
				en,
				Base,
			);
			mainGroup = A5CB839A25E08DA00031409F;
			productRefGroup = A5CB83A425E08DA00031409F /* Products */;
			projectDirPath = "";
			projectRoot = "";
			targets = (
				A5CB83A225E08DA00031409F /* Flix */,
				A5CB83B825E08DA40031409F /* FlixTests */,
				A5CB83C325E08DA40031409F /* FlixUITests */,
			);
		};
/* End PBXProject section */

/* Begin PBXResourcesBuildPhase section */
		A5CB83A125E08DA00031409F /* Resources */ = {
			isa = PBXResourcesBuildPhase;
			buildActionMask = 2147483647;
			files = (
				A5CB83B325E08DA30031409F /* LaunchScreen.storyboard in Resources */,
				A5CB83B025E08DA30031409F /* Assets.xcassets in Resources */,
				A5CB83AE25E08DA10031409F /* Main.storyboard in Resources */,
			);
			runOnlyForDeploymentPostprocessing = 0;
		};
		A5CB83B725E08DA40031409F /* Resources */ = {
			isa = PBXResourcesBuildPhase;
			buildActionMask = 2147483647;
			files = (
			);
			runOnlyForDeploymentPostprocessing = 0;
		};
		A5CB83C225E08DA40031409F /* Resources */ = {
			isa = PBXResourcesBuildPhase;
			buildActionMask = 2147483647;
			files = (
			);
			runOnlyForDeploymentPostprocessing = 0;
		};
/* End PBXResourcesBuildPhase section */

/* Begin PBXSourcesBuildPhase section */
		A5CB839F25E08DA00031409F /* Sources */ = {
			isa = PBXSourcesBuildPhase;
			buildActionMask = 2147483647;
			files = (
				A5CB83AB25E08DA00031409F /* ViewController.swift in Sources */,
				A5CB83A725E08DA00031409F /* AppDelegate.swift in Sources */,
				A5CB83A925E08DA00031409F /* SceneDelegate.swift in Sources */,
			);
			runOnlyForDeploymentPostprocessing = 0;
		};
		A5CB83B525E08DA40031409F /* Sources */ = {
			isa = PBXSourcesBuildPhase;
			buildActionMask = 2147483647;
			files = (
				A5CB83BE25E08DA40031409F /* FlixTests.swift in Sources */,
			);
			runOnlyForDeploymentPostprocessing = 0;
		};
		A5CB83C025E08DA40031409F /* Sources */ = {
			isa = PBXSourcesBuildPhase;
			buildActionMask = 2147483647;
			files = (
				A5CB83C925E08DA40031409F /* FlixUITests.swift in Sources */,
			);
			runOnlyForDeploymentPostprocessing = 0;
		};
/* End PBXSourcesBuildPhase section */

/* Begin PBXTargetDependency section */
		A5CB83BB25E08DA40031409F /* PBXTargetDependency */ = {
			isa = PBXTargetDependency;
			target = A5CB83A225E08DA00031409F /* Flix */;
			targetProxy = A5CB83BA25E08DA40031409F /* PBXContainerItemProxy */;
		};
		A5CB83C625E08DA40031409F /* PBXTargetDependency */ = {
			isa = PBXTargetDependency;
			target = A5CB83A225E08DA00031409F /* Flix */;
			targetProxy = A5CB83C525E08DA40031409F /* PBXContainerItemProxy */;
		};
/* End PBXTargetDependency section */

/* Begin PBXVariantGroup section */
		A5CB83AC25E08DA10031409F /* Main.storyboard */ = {
			isa = PBXVariantGroup;
			children = (
				A5CB83AD25E08DA10031409F /* Base */,
			);
			name = Main.storyboard;
			sourceTree = "<group>";
		};
		A5CB83B125E08DA30031409F /* LaunchScreen.storyboard */ = {
			isa = PBXVariantGroup;
			children = (
				A5CB83B225E08DA30031409F /* Base */,
			);
			name = LaunchScreen.storyboard;
			sourceTree = "<group>";
		};
/* End PBXVariantGroup section */

/* Begin XCBuildConfiguration section */
		A5CB83CB25E08DA40031409F /* Debug */ = {
			isa = XCBuildConfiguration;
			buildSettings = {
				ALWAYS_SEARCH_USER_PATHS = NO;
				CLANG_ANALYZER_NONNULL = YES;
				CLANG_ANALYZER_NUMBER_OBJECT_CONVERSION = YES_AGGRESSIVE;
				CLANG_CXX_LANGUAGE_STANDARD = "gnu++14";
				CLANG_CXX_LIBRARY = "libc++";
				CLANG_ENABLE_MODULES = YES;
				CLANG_ENABLE_OBJC_ARC = YES;
				CLANG_ENABLE_OBJC_WEAK = YES;
				CLANG_WARN_BLOCK_CAPTURE_AUTORELEASING = YES;
				CLANG_WARN_BOOL_CONVERSION = YES;
				CLANG_WARN_COMMA = YES;
				CLANG_WARN_CONSTANT_CONVERSION = YES;
				CLANG_WARN_DEPRECATED_OBJC_IMPLEMENTATIONS = YES;
				CLANG_WARN_DIRECT_OBJC_ISA_USAGE = YES_ERROR;
				CLANG_WARN_DOCUMENTATION_COMMENTS = YES;
				CLANG_WARN_EMPTY_BODY = YES;
				CLANG_WARN_ENUM_CONVERSION = YES;
				CLANG_WARN_INFINITE_RECURSION = YES;
				CLANG_WARN_INT_CONVERSION = YES;
				CLANG_WARN_NON_LITERAL_NULL_CONVERSION = YES;
				CLANG_WARN_OBJC_IMPLICIT_RETAIN_SELF = YES;
				CLANG_WARN_OBJC_LITERAL_CONVERSION = YES;
				CLANG_WARN_OBJC_ROOT_CLASS = YES_ERROR;
				CLANG_WARN_QUOTED_INCLUDE_IN_FRAMEWORK_HEADER = YES;
				CLANG_WARN_RANGE_LOOP_ANALYSIS = YES;
				CLANG_WARN_STRICT_PROTOTYPES = YES;
				CLANG_WARN_SUSPICIOUS_MOVE = YES;
				CLANG_WARN_UNGUARDED_AVAILABILITY = YES_AGGRESSIVE;
				CLANG_WARN_UNREACHABLE_CODE = YES;
				CLANG_WARN__DUPLICATE_METHOD_MATCH = YES;
				COPY_PHASE_STRIP = NO;
				DEBUG_INFORMATION_FORMAT = dwarf;
				ENABLE_STRICT_OBJC_MSGSEND = YES;
				ENABLE_TESTABILITY = YES;
				GCC_C_LANGUAGE_STANDARD = gnu11;
				GCC_DYNAMIC_NO_PIC = NO;
				GCC_NO_COMMON_BLOCKS = YES;
				GCC_OPTIMIZATION_LEVEL = 0;
				GCC_PREPROCESSOR_DEFINITIONS = (
					"DEBUG=1",
					"$(inherited)",
				);
				GCC_WARN_64_TO_32_BIT_CONVERSION = YES;
				GCC_WARN_ABOUT_RETURN_TYPE = YES_ERROR;
				GCC_WARN_UNDECLARED_SELECTOR = YES;
				GCC_WARN_UNINITIALIZED_AUTOS = YES_AGGRESSIVE;
				GCC_WARN_UNUSED_FUNCTION = YES;
				GCC_WARN_UNUSED_VARIABLE = YES;
				IPHONEOS_DEPLOYMENT_TARGET = 14.4;
				MTL_ENABLE_DEBUG_INFO = INCLUDE_SOURCE;
				MTL_FAST_MATH = YES;
				ONLY_ACTIVE_ARCH = YES;
				SDKROOT = iphoneos;
				SWIFT_ACTIVE_COMPILATION_CONDITIONS = DEBUG;
				SWIFT_OPTIMIZATION_LEVEL = "-Onone";
			};
			name = Debug;
		};
		A5CB83CC25E08DA40031409F /* Release */ = {
			isa = XCBuildConfiguration;
			buildSettings = {
				ALWAYS_SEARCH_USER_PATHS = NO;
				CLANG_ANALYZER_NONNULL = YES;
				CLANG_ANALYZER_NUMBER_OBJECT_CONVERSION = YES_AGGRESSIVE;
				CLANG_CXX_LANGUAGE_STANDARD = "gnu++14";
				CLANG_CXX_LIBRARY = "libc++";
				CLANG_ENABLE_MODULES = YES;
				CLANG_ENABLE_OBJC_ARC = YES;
				CLANG_ENABLE_OBJC_WEAK = YES;
				CLANG_WARN_BLOCK_CAPTURE_AUTORELEASING = YES;
				CLANG_WARN_BOOL_CONVERSION = YES;
				CLANG_WARN_COMMA = YES;
				CLANG_WARN_CONSTANT_CONVERSION = YES;
				CLANG_WARN_DEPRECATED_OBJC_IMPLEMENTATIONS = YES;
				CLANG_WARN_DIRECT_OBJC_ISA_USAGE = YES_ERROR;
				CLANG_WARN_DOCUMENTATION_COMMENTS = YES;
				CLANG_WARN_EMPTY_BODY = YES;
				CLANG_WARN_ENUM_CONVERSION = YES;
				CLANG_WARN_INFINITE_RECURSION = YES;
				CLANG_WARN_INT_CONVERSION = YES;
				CLANG_WARN_NON_LITERAL_NULL_CONVERSION = YES;
				CLANG_WARN_OBJC_IMPLICIT_RETAIN_SELF = YES;
				CLANG_WARN_OBJC_LITERAL_CONVERSION = YES;
				CLANG_WARN_OBJC_ROOT_CLASS = YES_ERROR;
				CLANG_WARN_QUOTED_INCLUDE_IN_FRAMEWORK_HEADER = YES;
				CLANG_WARN_RANGE_LOOP_ANALYSIS = YES;
				CLANG_WARN_STRICT_PROTOTYPES = YES;
				CLANG_WARN_SUSPICIOUS_MOVE = YES;
				CLANG_WARN_UNGUARDED_AVAILABILITY = YES_AGGRESSIVE;
				CLANG_WARN_UNREACHABLE_CODE = YES;
				CLANG_WARN__DUPLICATE_METHOD_MATCH = YES;
				COPY_PHASE_STRIP = NO;
				DEBUG_INFORMATION_FORMAT = "dwarf-with-dsym";
				ENABLE_NS_ASSERTIONS = NO;
				ENABLE_STRICT_OBJC_MSGSEND = YES;
				GCC_C_LANGUAGE_STANDARD = gnu11;
				GCC_NO_COMMON_BLOCKS = YES;
				GCC_WARN_64_TO_32_BIT_CONVERSION = YES;
				GCC_WARN_ABOUT_RETURN_TYPE = YES_ERROR;
				GCC_WARN_UNDECLARED_SELECTOR = YES;
				GCC_WARN_UNINITIALIZED_AUTOS = YES_AGGRESSIVE;
				GCC_WARN_UNUSED_FUNCTION = YES;
				GCC_WARN_UNUSED_VARIABLE = YES;
				IPHONEOS_DEPLOYMENT_TARGET = 14.4;
				MTL_ENABLE_DEBUG_INFO = NO;
				MTL_FAST_MATH = YES;
				SDKROOT = iphoneos;
				SWIFT_COMPILATION_MODE = wholemodule;
				SWIFT_OPTIMIZATION_LEVEL = "-O";
				VALIDATE_PRODUCT = YES;
			};
			name = Release;
		};
		A5CB83CE25E08DA40031409F /* Debug */ = {
			isa = XCBuildConfiguration;
			buildSettings = {
				ASSETCATALOG_COMPILER_APPICON_NAME = AppIcon;
				ASSETCATALOG_COMPILER_GLOBAL_ACCENT_COLOR_NAME = AccentColor;
				CODE_SIGN_STYLE = Automatic;
				INFOPLIST_FILE = Flix/Info.plist;
				LD_RUNPATH_SEARCH_PATHS = (
					"$(inherited)",
					"@executable_path/Frameworks",
				);
				PRODUCT_BUNDLE_IDENTIFIER = com.codepath.Flix;
				PRODUCT_NAME = "$(TARGET_NAME)";
				SWIFT_VERSION = 5.0;
				TARGETED_DEVICE_FAMILY = "1,2";
			};
			name = Debug;
		};
		A5CB83CF25E08DA40031409F /* Release */ = {
			isa = XCBuildConfiguration;
			buildSettings = {
				ASSETCATALOG_COMPILER_APPICON_NAME = AppIcon;
				ASSETCATALOG_COMPILER_GLOBAL_ACCENT_COLOR_NAME = AccentColor;
				CODE_SIGN_STYLE = Automatic;
				INFOPLIST_FILE = Flix/Info.plist;
				LD_RUNPATH_SEARCH_PATHS = (
					"$(inherited)",
					"@executable_path/Frameworks",
				);
				PRODUCT_BUNDLE_IDENTIFIER = com.codepath.Flix;
				PRODUCT_NAME = "$(TARGET_NAME)";
				SWIFT_VERSION = 5.0;
				TARGETED_DEVICE_FAMILY = "1,2";
			};
			name = Release;
		};
		A5CB83D125E08DA40031409F /* Debug */ = {
			isa = XCBuildConfiguration;
			buildSettings = {
				ALWAYS_EMBED_SWIFT_STANDARD_LIBRARIES = YES;
				BUNDLE_LOADER = "$(TEST_HOST)";
				CODE_SIGN_STYLE = Automatic;
				INFOPLIST_FILE = FlixTests/Info.plist;
				IPHONEOS_DEPLOYMENT_TARGET = 14.4;
				LD_RUNPATH_SEARCH_PATHS = (
					"$(inherited)",
					"@executable_path/Frameworks",
					"@loader_path/Frameworks",
				);
				PRODUCT_BUNDLE_IDENTIFIER = com.codepath.FlixTests;
				PRODUCT_NAME = "$(TARGET_NAME)";
				SWIFT_VERSION = 5.0;
				TARGETED_DEVICE_FAMILY = "1,2";
				TEST_HOST = "$(BUILT_PRODUCTS_DIR)/Flix.app/Flix";
			};
			name = Debug;
		};
		A5CB83D225E08DA40031409F /* Release */ = {
			isa = XCBuildConfiguration;
			buildSettings = {
				ALWAYS_EMBED_SWIFT_STANDARD_LIBRARIES = YES;
				BUNDLE_LOADER = "$(TEST_HOST)";
				CODE_SIGN_STYLE = Automatic;
				INFOPLIST_FILE = FlixTests/Info.plist;
				IPHONEOS_DEPLOYMENT_TARGET = 14.4;
				LD_RUNPATH_SEARCH_PATHS = (
					"$(inherited)",
					"@executable_path/Frameworks",
					"@loader_path/Frameworks",
				);
				PRODUCT_BUNDLE_IDENTIFIER = com.codepath.FlixTests;
				PRODUCT_NAME = "$(TARGET_NAME)";
				SWIFT_VERSION = 5.0;
				TARGETED_DEVICE_FAMILY = "1,2";
				TEST_HOST = "$(BUILT_PRODUCTS_DIR)/Flix.app/Flix";
			};
			name = Release;
		};
		A5CB83D425E08DA40031409F /* Debug */ = {
			isa = XCBuildConfiguration;
			buildSettings = {
				ALWAYS_EMBED_SWIFT_STANDARD_LIBRARIES = YES;
				CODE_SIGN_STYLE = Automatic;
				INFOPLIST_FILE = FlixUITests/Info.plist;
				LD_RUNPATH_SEARCH_PATHS = (
					"$(inherited)",
					"@executable_path/Frameworks",
					"@loader_path/Frameworks",
				);
				PRODUCT_BUNDLE_IDENTIFIER = com.codepath.FlixUITests;
				PRODUCT_NAME = "$(TARGET_NAME)";
				SWIFT_VERSION = 5.0;
				TARGETED_DEVICE_FAMILY = "1,2";
				TEST_TARGET_NAME = Flix;
			};
			name = Debug;
		};
		A5CB83D525E08DA40031409F /* Release */ = {
			isa = XCBuildConfiguration;
			buildSettings = {
				ALWAYS_EMBED_SWIFT_STANDARD_LIBRARIES = YES;
				CODE_SIGN_STYLE = Automatic;
				INFOPLIST_FILE = FlixUITests/Info.plist;
				LD_RUNPATH_SEARCH_PATHS = (
					"$(inherited)",
					"@executable_path/Frameworks",
					"@loader_path/Frameworks",
				);
				PRODUCT_BUNDLE_IDENTIFIER = com.codepath.FlixUITests;
				PRODUCT_NAME = "$(TARGET_NAME)";
				SWIFT_VERSION = 5.0;
				TARGETED_DEVICE_FAMILY = "1,2";
				TEST_TARGET_NAME = Flix;
			};
			name = Release;
		};
/* End XCBuildConfiguration section */

/* Begin XCConfigurationList section */
		A5CB839E25E08DA00031409F /* Build configuration list for PBXProject "Flix" */ = {
			isa = XCConfigurationList;
			buildConfigurations = (
				A5CB83CB25E08DA40031409F /* Debug */,
				A5CB83CC25E08DA40031409F /* Release */,
			);
			defaultConfigurationIsVisible = 0;
			defaultConfigurationName = Release;
		};
		A5CB83CD25E08DA40031409F /* Build configuration list for PBXNativeTarget "Flix" */ = {
			isa = XCConfigurationList;
			buildConfigurations = (
				A5CB83CE25E08DA40031409F /* Debug */,
				A5CB83CF25E08DA40031409F /* Release */,
			);
			defaultConfigurationIsVisible = 0;
			defaultConfigurationName = Release;
		};
		A5CB83D025E08DA40031409F /* Build configuration list for PBXNativeTarget "FlixTests" */ = {
			isa = XCConfigurationList;
			buildConfigurations = (
				A5CB83D125E08DA40031409F /* Debug */,
				A5CB83D225E08DA40031409F /* Release */,
			);
			defaultConfigurationIsVisible = 0;
			defaultConfigurationName = Release;
		};
		A5CB83D325E08DA40031409F /* Build configuration list for PBXNativeTarget "FlixUITests" */ = {
			isa = XCConfigurationList;
			buildConfigurations = (
				A5CB83D425E08DA40031409F /* Debug */,
				A5CB83D525E08DA40031409F /* Release */,
			);
			defaultConfigurationIsVisible = 0;
			defaultConfigurationName = Release;
		};
/* End XCConfigurationList section */
	};
	rootObject = A5CB839B25E08DA00031409F /* Project object */;
}
